
Microsoft Visual Studio Solution File, Format Version 12.00
# Visual Studio Version 17
VisualStudioVersion = 17.14.36212.18 d17.14
MinimumVisualStudioVersion = 10.0.40219.1
Project("{FAE04EC0-301F-11D3-BF4B-00C04F79EFBC}") = "Workplace.Domain", "Workplace.Domain\Workplace.Domain.csproj", "{3B499F55-E33C-4E4C-841C-A7196B29EEC6}"
EndProject
Project("{FAE04EC0-301F-11D3-BF4B-00C04F79EFBC}") = "Workplace.Infrastructure", "Workplace.Infrastructure\Workplace.Infrastructure.csproj", "{745B64BE-38C9-4EDA-8599-EC768BABE0ED}"
EndProject
Project("{FAE04EC0-301F-11D3-BF4B-00C04F79EFBC}") = "Workplace.Api", "Workplace.Api\Workplace.Api.csproj", "{55C61C1D-F9B3-4714-8492-55F971962A17}"
EndProject
Global
	GlobalSection(SolutionConfigurationPlatforms) = preSolution
		Debug|Any CPU = Debug|Any CPU
		Release|Any CPU = Release|Any CPU
	EndGlobalSection
	GlobalSection(ProjectConfigurationPlatforms) = postSolution
		{3B499F55-E33C-4E4C-841C-A7196B29EEC6}.Debug|Any CPU.ActiveCfg = Debug|Any CPU
		{3B499F55-E33C-4E4C-841C-A7196B29EEC6}.Debug|Any CPU.Build.0 = Debug|Any CPU
		{3B499F55-E33C-4E4C-841C-A7196B29EEC6}.Release|Any CPU.ActiveCfg = Release|Any CPU
		{3B499F55-E33C-4E4C-841C-A7196B29EEC6}.Release|Any CPU.Build.0 = Release|Any CPU
		{745B64BE-38C9-4EDA-8599-EC768BABE0ED}.Debug|Any CPU.ActiveCfg = Debug|Any CPU
		{745B64BE-38C9-4EDA-8599-EC768BABE0ED}.Debug|Any CPU.Build.0 = Debug|Any CPU
		{745B64BE-38C9-4EDA-8599-EC768BABE0ED}.Release|Any CPU.ActiveCfg = Release|Any CPU
		{745B64BE-38C9-4EDA-8599-EC768BABE0ED}.Release|Any CPU.Build.0 = Release|Any CPU
		{55C61C1D-F9B3-4714-8492-55F971962A17}.Debug|Any CPU.ActiveCfg = Debug|Any CPU
		{55C61C1D-F9B3-4714-8492-55F971962A17}.Debug|Any CPU.Build.0 = Debug|Any CPU
		{55C61C1D-F9B3-4714-8492-55F971962A17}.Release|Any CPU.ActiveCfg = Release|Any CPU
		{55C61C1D-F9B3-4714-8492-55F971962A17}.Release|Any CPU.Build.0 = Release|Any CPU
	EndGlobalSection
	GlobalSection(SolutionProperties) = preSolution
		HideSolutionNode = FALSE
	EndGlobalSection
	GlobalSection(ExtensibilityGlobals) = postSolution
		SolutionGuid = {3AA19EA4-8881-47DB-924E-300171F6AE8E}
	EndGlobalSection
EndGlobal
