
Microsoft Visual Studio Solution File, Format Version 12.00
# Visual Studio Version 17
VisualStudioVersion = 17.14.36212.18 d17.14
MinimumVisualStudioVersion = 10.0.40219.1
Project("{FAE04EC0-301F-11D3-BF4B-00C04F79EFBC}") = "ExamDapperOrm.Domain", "ExamDapperOrm.Domain\ExamDapperOrm.Domain.csproj", "{E29E6CFB-D034-4009-95EF-F97E6279E3A3}"
EndProject
Project("{FAE04EC0-301F-11D3-BF4B-00C04F79EFBC}") = "ExamDapperOrm.Infrastructure", "ExamDapperOrm.Infrastructure\ExamDapperOrm.Infrastructure.csproj", "{60C4AE05-EA10-4474-A25B-9658DCDEB5DA}"
EndProject
Project("{FAE04EC0-301F-11D3-BF4B-00C04F79EFBC}") = "ExamDapperOrmApi", "ExamDapperOrmApi\ExamDapperOrmApi.csproj", "{54068D9D-F9F6-4A20-9406-BD12C5CA46EA}"
EndProject
Global
	GlobalSection(SolutionConfigurationPlatforms) = preSolution
		Debug|Any CPU = Debug|Any CPU
		Release|Any CPU = Release|Any CPU
	EndGlobalSection
	GlobalSection(ProjectConfigurationPlatforms) = postSolution
		{E29E6CFB-D034-4009-95EF-F97E6279E3A3}.Debug|Any CPU.ActiveCfg = Debug|Any CPU
		{E29E6CFB-D034-4009-95EF-F97E6279E3A3}.Debug|Any CPU.Build.0 = Debug|Any CPU
		{E29E6CFB-D034-4009-95EF-F97E6279E3A3}.Release|Any CPU.ActiveCfg = Release|Any CPU
		{E29E6CFB-D034-4009-95EF-F97E6279E3A3}.Release|Any CPU.Build.0 = Release|Any CPU
		{60C4AE05-EA10-4474-A25B-9658DCDEB5DA}.Debug|Any CPU.ActiveCfg = Debug|Any CPU
		{60C4AE05-EA10-4474-A25B-9658DCDEB5DA}.Debug|Any CPU.Build.0 = Debug|Any CPU
		{60C4AE05-EA10-4474-A25B-9658DCDEB5DA}.Release|Any CPU.ActiveCfg = Release|Any CPU
		{60C4AE05-EA10-4474-A25B-9658DCDEB5DA}.Release|Any CPU.Build.0 = Release|Any CPU
		{54068D9D-F9F6-4A20-9406-BD12C5CA46EA}.Debug|Any CPU.ActiveCfg = Debug|Any CPU
		{54068D9D-F9F6-4A20-9406-BD12C5CA46EA}.Debug|Any CPU.Build.0 = Debug|Any CPU
		{54068D9D-F9F6-4A20-9406-BD12C5CA46EA}.Release|Any CPU.ActiveCfg = Release|Any CPU
		{54068D9D-F9F6-4A20-9406-BD12C5CA46EA}.Release|Any CPU.Build.0 = Release|Any CPU
	EndGlobalSection
	GlobalSection(SolutionProperties) = preSolution
		HideSolutionNode = FALSE
	EndGlobalSection
	GlobalSection(ExtensibilityGlobals) = postSolution
		SolutionGuid = {AB5014AC-49EF-422C-BF29-30222810956C}
	EndGlobalSection
EndGlobal
