
Microsoft Visual Studio Solution File, Format Version 12.00
# Visual Studio Version 17
VisualStudioVersion = 17.14.36212.18 d17.14
MinimumVisualStudioVersion = 10.0.40219.1
Project("{FAE04EC0-301F-11D3-BF4B-00C04F79EFBC}") = "HomeWork5", "HomeWork5\HomeWork5.csproj", "{A0295578-9B16-447D-83B8-3F8037FAD350}"
EndProject
Global
	GlobalSection(SolutionConfigurationPlatforms) = preSolution
		Debug|Any CPU = Debug|Any CPU
		Release|Any CPU = Release|Any CPU
	EndGlobalSection
	GlobalSection(ProjectConfigurationPlatforms) = postSolution
		{A0295578-9B16-447D-83B8-3F8037FAD350}.Debug|Any CPU.ActiveCfg = Debug|Any CPU
		{A0295578-9B16-447D-83B8-3F8037FAD350}.Debug|Any CPU.Build.0 = Debug|Any CPU
		{A0295578-9B16-447D-83B8-3F8037FAD350}.Release|Any CPU.ActiveCfg = Release|Any CPU
		{A0295578-9B16-447D-83B8-3F8037FAD350}.Release|Any CPU.Build.0 = Release|Any CPU
	EndGlobalSection
	GlobalSection(SolutionProperties) = preSolution
		HideSolutionNode = FALSE
	EndGlobalSection
	GlobalSection(ExtensibilityGlobals) = postSolution
		SolutionGuid = {54951214-6568-4A25-B80E-D3BA06A23CCB}
	EndGlobalSection
EndGlobal
